
Microsoft Visual Studio Solution File, Format Version 12.00
# Visual Studio Version 17
VisualStudioVersion = 17.4.33205.214
MinimumVisualStudioVersion = 10.0.40219.1
Project("{FAE04EC0-301F-11D3-BF4B-00C04F79EFBC}") = "Calculator", "Calculator\Calculator.csproj", "{0EA2ADDE-33E0-46AC-AB37-BD8C366FA562}"
EndProject
Global
	GlobalSection(SolutionConfigurationPlatforms) = preSolution
		Debug|Any CPU = Debug|Any CPU
		Release|Any CPU = Release|Any CPU
	EndGlobalSection
	GlobalSection(ProjectConfigurationPlatforms) = postSolution
		{0EA2ADDE-33E0-46AC-AB37-BD8C366FA562}.Debug|Any CPU.ActiveCfg = Debug|Any CPU
		{0EA2ADDE-33E0-46AC-AB37-BD8C366FA562}.Debug|Any CPU.Build.0 = Debug|Any CPU
		{0EA2ADDE-33E0-46AC-AB37-BD8C366FA562}.Release|Any CPU.ActiveCfg = Release|Any CPU
		{0EA2ADDE-33E0-46AC-AB37-BD8C366FA562}.Release|Any CPU.Build.0 = Release|Any CPU
	EndGlobalSection
	GlobalSection(SolutionProperties) = preSolution
		HideSolutionNode = FALSE
	EndGlobalSection
	GlobalSection(ExtensibilityGlobals) = postSolution
		SolutionGuid = {68CDED6E-B2D6-4D07-97F2-426991FF9AE8}
	EndGlobalSection
EndGlobal
